
Microsoft Visual Studio Solution File, Format Version 12.00
# Visual Studio Version 17
VisualStudioVersion = 17.4.33122.133
MinimumVisualStudioVersion = 10.0.40219.1
Project("{9A19103F-16F7-4668-BE54-9A1E7A4F7556}") = "WS_Socket.Server", "WS_Socket.Server\WS_Socket.Server.csproj", "{DC6D86FE-27EA-42C3-9222-A104C1DC19BF}"
EndProject
Project("{FAE04EC0-301F-11D3-BF4B-00C04F79EFBC}") = "WS_Socket.Client", "WS_Socket.Client\WS_Socket.Client.csproj", "{F1368774-4396-40BB-B651-3F01546D77AE}"
EndProject
Global
	GlobalSection(SolutionConfigurationPlatforms) = preSolution
		Debug|Any CPU = Debug|Any CPU
		Release|Any CPU = Release|Any CPU
	EndGlobalSection
	GlobalSection(ProjectConfigurationPlatforms) = postSolution
		{DC6D86FE-27EA-42C3-9222-A104C1DC19BF}.Debug|Any CPU.ActiveCfg = Debug|Any CPU
		{DC6D86FE-27EA-42C3-9222-A104C1DC19BF}.Debug|Any CPU.Build.0 = Debug|Any CPU
		{DC6D86FE-27EA-42C3-9222-A104C1DC19BF}.Release|Any CPU.ActiveCfg = Release|Any CPU
		{DC6D86FE-27EA-42C3-9222-A104C1DC19BF}.Release|Any CPU.Build.0 = Release|Any CPU
		{F1368774-4396-40BB-B651-3F01546D77AE}.Debug|Any CPU.ActiveCfg = Debug|Any CPU
		{F1368774-4396-40BB-B651-3F01546D77AE}.Debug|Any CPU.Build.0 = Debug|Any CPU
		{F1368774-4396-40BB-B651-3F01546D77AE}.Release|Any CPU.ActiveCfg = Release|Any CPU
		{F1368774-4396-40BB-B651-3F01546D77AE}.Release|Any CPU.Build.0 = Release|Any CPU
	EndGlobalSection
	GlobalSection(SolutionProperties) = preSolution
		HideSolutionNode = FALSE
	EndGlobalSection
	GlobalSection(ExtensibilityGlobals) = postSolution
		SolutionGuid = {87685C57-177B-4CAD-A8D0-651F22587544}
	EndGlobalSection
EndGlobal
